Microsoft Visual Studio Solution File, Format Version 12.00
# Visual Studio Version 17
VisualStudioVersion = 17.5.2.0
MinimumVisualStudioVersion = 10.0.40219.1
Project("{FAE04EC0-301F-11D3-BF4B-00C04F79EFBC}") = "Web.API", "Web.API.csproj", "{FAF354C7-4191-E85F-6901-E2B9B2D9A167}"
EndProject
Global
	GlobalSection(SolutionConfigurationPlatforms) = preSolution
		Debug|Any CPU = Debug|Any CPU
		Release|Any CPU = Release|Any CPU
	EndGlobalSection
	GlobalSection(ProjectConfigurationPlatforms) = postSolution
		{FAF354C7-4191-E85F-6901-E2B9B2D9A167}.Debug|Any CPU.ActiveCfg = Debug|Any CPU
		{FAF354C7-4191-E85F-6901-E2B9B2D9A167}.Debug|Any CPU.Build.0 = Debug|Any CPU
		{FAF354C7-4191-E85F-6901-E2B9B2D9A167}.Release|Any CPU.ActiveCfg = Release|Any CPU
		{FAF354C7-4191-E85F-6901-E2B9B2D9A167}.Release|Any CPU.Build.0 = Release|Any CPU
	EndGlobalSection
	GlobalSection(SolutionProperties) = preSolution
		HideSolutionNode = FALSE
	EndGlobalSection
	GlobalSection(ExtensibilityGlobals) = postSolution
		SolutionGuid = {D849D0A5-362F-4945-934F-C3626FEA5012}
	EndGlobalSection
EndGlobal
